
Microsoft Visual Studio Solution File, Format Version 12.00
# Visual Studio 15
VisualStudioVersion = 15.0.26430.15
MinimumVisualStudioVersion = 10.0.40219.1
Project("{FAE04EC0-301F-11D3-BF4B-00C04F79EFBC}") = "TweetArchiver.Fetch", "TweetArchiver.Fetch\TweetArchiver.Fetch.csproj", "{13CD6F7C-9219-44A0-AE74-3EBF237E2A0F}"
EndProject
Global
	GlobalSection(SolutionConfigurationPlatforms) = preSolution
		Debug|Any CPU = Debug|Any CPU
		Release|Any CPU = Release|Any CPU
	EndGlobalSection
	GlobalSection(ProjectConfigurationPlatforms) = postSolution
		{13CD6F7C-9219-44A0-AE74-3EBF237E2A0F}.Debug|Any CPU.ActiveCfg = Debug|Any CPU
		{13CD6F7C-9219-44A0-AE74-3EBF237E2A0F}.Debug|Any CPU.Build.0 = Debug|Any CPU
		{13CD6F7C-9219-44A0-AE74-3EBF237E2A0F}.Release|Any CPU.ActiveCfg = Release|Any CPU
		{13CD6F7C-9219-44A0-AE74-3EBF237E2A0F}.Release|Any CPU.Build.0 = Release|Any CPU
	EndGlobalSection
	GlobalSection(SolutionProperties) = preSolution
		HideSolutionNode = FALSE
	EndGlobalSection
EndGlobal
